
Microsoft Visual Studio Solution File, Format Version 12.00
# Visual Studio for Mac
Project("{FAE04EC0-301F-11D3-BF4B-00C04F79EFBC}") = "Assembly-CSharp", "Assembly-CSharp.csproj", "{DA7C2FBD-6B79-F293-9058-347DAB85FDF8}"
EndProject
Project("{FAE04EC0-301F-11D3-BF4B-00C04F79EFBC}") = "Assembly-CSharp-Editor", "Assembly-CSharp-Editor.csproj", "{681DAB65-C8A5-952E-4CC1-2EFB0221CA0E}"
EndProject
Global
	GlobalSection(SolutionConfigurationPlatforms) = preSolution
		Debug|Any CPU = Debug|Any CPU
		Release|Any CPU = Release|Any CPU
	EndGlobalSection
	GlobalSection(ProjectConfigurationPlatforms) = postSolution
		{DA7C2FBD-6B79-F293-9058-347DAB85FDF8}.Debug|Any CPU.ActiveCfg = Debug|Any CPU
		{DA7C2FBD-6B79-F293-9058-347DAB85FDF8}.Debug|Any CPU.Build.0 = Debug|Any CPU
		{DA7C2FBD-6B79-F293-9058-347DAB85FDF8}.Release|Any CPU.ActiveCfg = Release|Any CPU
		{DA7C2FBD-6B79-F293-9058-347DAB85FDF8}.Release|Any CPU.Build.0 = Release|Any CPU
		{681DAB65-C8A5-952E-4CC1-2EFB0221CA0E}.Debug|Any CPU.ActiveCfg = Debug|Any CPU
		{681DAB65-C8A5-952E-4CC1-2EFB0221CA0E}.Debug|Any CPU.Build.0 = Debug|Any CPU
		{681DAB65-C8A5-952E-4CC1-2EFB0221CA0E}.Release|Any CPU.ActiveCfg = Release|Any CPU
		{681DAB65-C8A5-952E-4CC1-2EFB0221CA0E}.Release|Any CPU.Build.0 = Release|Any CPU
	EndGlobalSection
	GlobalSection(SolutionProperties) = preSolution
		HideSolutionNode = FALSE
	EndGlobalSection
EndGlobal
